
Microsoft Visual Studio Solution File, Format Version 9.00
# Visual Studio 2005
Project("{8BC9CEB8-8B4A-11D0-8D11-00A0C91BC942}") = "grayscale", "grayscale.vcproj", "{1FC3D125-8DF1-45BE-ABA1-3B92EF8F0B86}"
EndProject
Global
	GlobalSection(SolutionConfigurationPlatforms) = preSolution
		Debug|Win32 = Debug|Win32
		Release|Win32 = Release|Win32
	EndGlobalSection
	GlobalSection(ProjectConfigurationPlatforms) = postSolution
		{1FC3D125-8DF1-45BE-ABA1-3B92EF8F0B86}.Debug|Win32.ActiveCfg = Debug|Win32
		{1FC3D125-8DF1-45BE-ABA1-3B92EF8F0B86}.Debug|Win32.Build.0 = Debug|Win32
		{1FC3D125-8DF1-45BE-ABA1-3B92EF8F0B86}.Release|Win32.ActiveCfg = Release|Win32
		{1FC3D125-8DF1-45BE-ABA1-3B92EF8F0B86}.Release|Win32.Build.0 = Release|Win32
	EndGlobalSection
	GlobalSection(SolutionProperties) = preSolution
		HideSolutionNode = FALSE
	EndGlobalSection
EndGlobal
